{
  "name": "@investment-platform/contracts",
  "version": "0.0.0",
  "lockfileVersion": 3,
  "requires": true,
  "packages": {
    "": {
      "name": "@investment-platform/contracts",
      "version": "0.0.0",
      "dependencies": {
        "zod": "^3.24.1"
      }
    },
    "../../node_modules/.pnpm/zod@3.25.76/node_modules/zod": {
      "version": "3.25.76",
      "license": "MIT",
      "funding": {
        "url": "https://github.com/sponsors/colinhacks"
      }
    },
    "node_modules/zod": {
      "resolved": "../../node_modules/.pnpm/zod@3.25.76/node_modules/zod",
      "link": true
    }
  }
}
